
Microsoft Visual Studio Solution File, Format Version 12.00
# Visual Studio Version 17
VisualStudioVersion = 17.13.35919.96
MinimumVisualStudioVersion = 10.0.40219.1
Project("{FAE04EC0-301F-11D3-BF4B-00C04F79EFBC}") = "PetService_Project_Api", "PetService_Project\PetService_Project_Api.csproj", "{3D412C3C-25EA-4D64-8F47-886649328C04}"
EndProject
Global
	GlobalSection(SolutionConfigurationPlatforms) = preSolution
		Debug|Any CPU = Debug|Any CPU
		Release|Any CPU = Release|Any CPU
	EndGlobalSection
	GlobalSection(ProjectConfigurationPlatforms) = postSolution
		{3D412C3C-25EA-4D64-8F47-886649328C04}.Debug|Any CPU.ActiveCfg = Debug|Any CPU
		{3D412C3C-25EA-4D64-8F47-886649328C04}.Debug|Any CPU.Build.0 = Debug|Any CPU
		{3D412C3C-25EA-4D64-8F47-886649328C04}.Release|Any CPU.ActiveCfg = Release|Any CPU
		{3D412C3C-25EA-4D64-8F47-886649328C04}.Release|Any CPU.Build.0 = Release|Any CPU
	EndGlobalSection
	GlobalSection(SolutionProperties) = preSolution
		HideSolutionNode = FALSE
	EndGlobalSection
	GlobalSection(ExtensibilityGlobals) = postSolution
		SolutionGuid = {B3116D69-8755-49C5-8AE1-A7E7E647E0CF}
	EndGlobalSection
EndGlobal
